
Microsoft Visual Studio Solution File, Format Version 12.00
# Visual Studio Version 17
VisualStudioVersion = 17.1.32421.90
MinimumVisualStudioVersion = 10.0.40219.1
Project("{FAE04EC0-301F-11D3-BF4B-00C04F79EFBC}") = "OOP1", "OOP1\OOP1.csproj", "{DC03E854-A1BF-4D85-AA02-4C4D45172563}"
EndProject
Global
	GlobalSection(SolutionConfigurationPlatforms) = preSolution
		Debug|Any CPU = Debug|Any CPU
		Release|Any CPU = Release|Any CPU
	EndGlobalSection
	GlobalSection(ProjectConfigurationPlatforms) = postSolution
		{DC03E854-A1BF-4D85-AA02-4C4D45172563}.Debug|Any CPU.ActiveCfg = Debug|Any CPU
		{DC03E854-A1BF-4D85-AA02-4C4D45172563}.Debug|Any CPU.Build.0 = Debug|Any CPU
		{DC03E854-A1BF-4D85-AA02-4C4D45172563}.Release|Any CPU.ActiveCfg = Release|Any CPU
		{DC03E854-A1BF-4D85-AA02-4C4D45172563}.Release|Any CPU.Build.0 = Release|Any CPU
	EndGlobalSection
	GlobalSection(SolutionProperties) = preSolution
		HideSolutionNode = FALSE
	EndGlobalSection
	GlobalSection(ExtensibilityGlobals) = postSolution
		SolutionGuid = {873CBB4A-F5C1-4103-AFFE-123DA3CE4D0C}
	EndGlobalSection
EndGlobal
